PODS:
  - data_saver (0.0.1):
    - Flutter
  - Flutter (1.0.0)

DEPENDENCIES:
  - data_saver (from `.symlinks/plugins/data_saver/ios`)
  - Flutter (from `Flutter`)

EXTERNAL SOURCES:
  data_saver:
    :path: ".symlinks/plugins/data_saver/ios"
  Flutter:
    :path: Flutter

SPEC CHECKSUMS:
  data_saver: e25bc6f1795f2f4ee6c59c0f67782c7455e3ce51
  Flutter: cabc95a1d2626b1b06e7179b784ebcf0c0cde467

PODFILE CHECKSUM: 4f1c12611da7338d21589c0b2ecd6bd20b109694

COCOAPODS: 1.16.2
